// !$*UTF8*$!
{
	archiveVersion = 1;
	classes = {
	};
	objectVersion = 46;
	objects = {

/* Begin PBXBuildFile section */
		DC4B822819F2C82A0095D419 /* HomeTab.m in Sources */ = {isa = PBXBuildFile; fileRef = DC4B822719F2C82A0095D419 /* HomeTab.m */; };
		DC578C4719F30E20003747AB /* Mumble.m in Sources */ = {isa = PBXBuildFile; fileRef = DC578C4619F30E20003747AB /* Mumble.m */; };
		DC609F8119F2C0C700FF96BD /* Bolts.framework in Frameworks */ = {isa = PBXBuildFile; fileRef = DC609F7E19F2C0C700FF96BD /* Bolts.framework */; };
		DC609F8219F2C0C700FF96BD /* Parse.framework in Frameworks */ = {isa = PBXBuildFile; fileRef = DC609F7F19F2C0C700FF96BD /* Parse.framework */; };
		DC609F8319F2C0C700FF96BD /* ParseFacebookUtils.framework in Frameworks */ = {isa = PBXBuildFile; fileRef = DC609F8019F2C0C700FF96BD /* ParseFacebookUtils.framework */; };
		DC609F8519F2C15B00FF96BD /* Accounts.framework in Frameworks */ = {isa = PBXBuildFile; fileRef = DC609F8419F2C15B00FF96BD /* Accounts.framework */; };
		DC609F8719F2C16400FF96BD /* AudioToolbox.framework in Frameworks */ = {isa = PBXBuildFile; fileRef = DC609F8619F2C16400FF96BD /* AudioToolbox.framework */; };
		DC609F8919F2C16C00FF96BD /* CFNetwork.framework in Frameworks */ = {isa = PBXBuildFile; fileRef = DC609F8819F2C16C00FF96BD /* CFNetwork.framework */; };
		DC609F8B19F2C17600FF96BD /* CoreGraphics.framework in Frameworks */ = {isa = PBXBuildFile; fileRef = DC609F8A19F2C17600FF96BD /* CoreGraphics.framework */; };
		DC609F8D19F2C17F00FF96BD /* CoreLocation.framework in Frameworks */ = {isa = PBXBuildFile; fileRef = DC609F8C19F2C17F00FF96BD /* CoreLocation.framework */; };
		DC609F8F19F2C18900FF96BD /* libz.dylib in Frameworks */ = {isa = PBXBuildFile; fileRef = DC609F8E19F2C18900FF96BD /* libz.dylib */; };
		DC609F9119F2C19100FF96BD /* MobileCoreServices.framework in Frameworks */ = {isa = PBXBuildFile; fileRef = DC609F9019F2C19100FF96BD /* MobileCoreServices.framework */; };
		DC609F9319F2C19D00FF96BD /* QuartzCore.framework in Frameworks */ = {isa = PBXBuildFile; fileRef = DC609F9219F2C19D00FF96BD /* QuartzCore.framework */; };
		DC609F9519F2C1A800FF96BD /* Security.framework in Frameworks */ = {isa = PBXBuildFile; fileRef = DC609F9419F2C1A800FF96BD /* Security.framework */; };
		DC609F9719F2C1AD00FF96BD /* Social.framework in Frameworks */ = {isa = PBXBuildFile; fileRef = DC609F9619F2C1AD00FF96BD /* Social.framework */; };
		DC609F9919F2C1BF00FF96BD /* StoreKit.framework in Frameworks */ = {isa = PBXBuildFile; fileRef = DC609F9819F2C1BF00FF96BD /* StoreKit.framework */; };
		DC609F9B19F2C1C700FF96BD /* SystemConfiguration.framework in Frameworks */ = {isa = PBXBuildFile; fileRef = DC609F9A19F2C1C700FF96BD /* SystemConfiguration.framework */; };
		DC6E813319F2F9E500E084AC /* HomeCustomTBCell.m in Sources */ = {isa = PBXBuildFile; fileRef = DC6E813219F2F9E500E084AC /* HomeCustomTBCell.m */; };
		DC838F2A19F29BD10077E010 /* main.m in Sources */ = {isa = PBXBuildFile; fileRef = DC838F2919F29BD10077E010 /* main.m */; };
		DC838F2D19F29BD10077E010 /* AppDelegate.m in Sources */ = {isa = PBXBuildFile; fileRef = DC838F2C19F29BD10077E010 /* AppDelegate.m */; };
		DC838F4419F29BD20077E010 /* MumbleTests.m in Sources */ = {isa = PBXBuildFile; fileRef = DC838F4319F29BD20077E010 /* MumbleTests.m */; };
		DCDB4A4419F2E1350088FB7D /* Images.xcassets in Resources */ = {isa = PBXBuildFile; fileRef = DCDB4A4319F2E1350088FB7D /* Images.xcassets */; };
/* End PBXBuildFile section */

/* Begin PBXContainerItemProxy section */
		DC838F3E19F29BD20077E010 /* PBXContainerItemProxy */ = {
			isa = PBXContainerItemProxy;
			containerPortal = DC838F1C19F29BD10077E010 /* Project object */;
			proxyType = 1;
			remoteGlobalIDString = DC838F2319F29BD10077E010;
			remoteInfo = Mumble;
		};
/* End PBXContainerItemProxy section */

/* Begin PBXFileReference section */
		DC4B822619F2C82A0095D419 /* HomeTab.h */ = {isa = PBXFileReference; fileEncoding = 4; lastKnownFileType = sourcecode.c.h; path = HomeTab.h; sourceTree = "<group>"; };
		DC4B822719F2C82A0095D419 /* HomeTab.m */ = {isa = PBXFileReference; fileEncoding = 4; lastKnownFileType = sourcecode.c.objc; path = HomeTab.m; sourceTree = "<group>"; };
		DC578C4519F30E20003747AB /* Mumble.h */ = {isa = PBXFileReference; fileEncoding = 4; lastKnownFileType = sourcecode.c.h; path = Mumble.h; sourceTree = "<group>"; };
		DC578C4619F30E20003747AB /* Mumble.m */ = {isa = PBXFileReference; fileEncoding = 4; lastKnownFileType = sourcecode.c.objc; path = Mumble.m; sourceTree = "<group>"; };
		DC609F7E19F2C0C700FF96BD /* Bolts.framework */ = {isa = PBXFileReference; lastKnownFileType = wrapper.framework; path = Bolts.framework; sourceTree = "<group>"; };
		DC609F7F19F2C0C700FF96BD /* Parse.framework */ = {isa = PBXFileReference; lastKnownFileType = wrapper.framework; path = Parse.framework; sourceTree = "<group>"; };
		DC609F8019F2C0C700FF96BD /* ParseFacebookUtils.framework */ = {isa = PBXFileReference; lastKnownFileType = wrapper.framework; path = ParseFacebookUtils.framework; sourceTree = "<group>"; };
		DC609F8419F2C15B00FF96BD /* Accounts.framework */ = {isa = PBXFileReference; lastKnownFileType = wrapper.framework; name = Accounts.framework; path = System/Library/Frameworks/Accounts.framework; sourceTree = SDKROOT; };
		DC609F8619F2C16400FF96BD /* AudioToolbox.framework */ = {isa = PBXFileReference; lastKnownFileType = wrapper.framework; name = AudioToolbox.framework; path = System/Library/Frameworks/AudioToolbox.framework; sourceTree = SDKROOT; };
		DC609F8819F2C16C00FF96BD /* CFNetwork.framework */ = {isa = PBXFileReference; lastKnownFileType = wrapper.framework; name = CFNetwork.framework; path = System/Library/Frameworks/CFNetwork.framework; sourceTree = SDKROOT; };
		DC609F8A19F2C17600FF96BD /* CoreGraphics.framework */ = {isa = PBXFileReference; lastKnownFileType = wrapper.framework; name = CoreGraphics.framework; path = System/Library/Frameworks/CoreGraphics.framework; sourceTree = SDKROOT; };
		DC609F8C19F2C17F00FF96BD /* CoreLocation.framework */ = {isa = PBXFileReference; lastKnownFileType = wrapper.framework; name = CoreLocation.framework; path = System/Library/Frameworks/CoreLocation.framework; sourceTree = SDKROOT; };
		DC609F8E19F2C18900FF96BD /* libz.dylib */ = {isa = PBXFileReference; lastKnownFileType = "compiled.mach-o.dylib"; name = libz.dylib; path = usr/lib/libz.dylib; sourceTree = SDKROOT; };
		DC609F9019F2C19100FF96BD /* MobileCoreServices.framework */ = {isa = PBXFileReference; lastKnownFileType = wrapper.framework; name = MobileCoreServices.framework; path = System/Library/Frameworks/MobileCoreServices.framework; sourceTree = SDKROOT; };
		DC609F9219F2C19D00FF96BD /* QuartzCore.framework */ = {isa = PBXFileReference; lastKnownFileType = wrapper.framework; name = QuartzCore.framework; path = System/Library/Frameworks/QuartzCore.framework; sourceTree = SDKROOT; };
		DC609F9419F2C1A800FF96BD /* Security.framework */ = {isa = PBXFileReference; lastKnownFileType = wrapper.framework; name = Security.framework; path = System/Library/Frameworks/Security.framework; sourceTree = SDKROOT; };
		DC609F9619F2C1AD00FF96BD /* Social.framework */ = {isa = PBXFileReference; lastKnownFileType = wrapper.framework; name = Social.framework; path = System/Library/Frameworks/Social.framework; sourceTree = SDKROOT; };
		DC609F9819F2C1BF00FF96BD /* StoreKit.framework */ = {isa = PBXFileReference; lastKnownFileType = wrapper.framework; name = StoreKit.framework; path = System/Library/Frameworks/StoreKit.framework; sourceTree = SDKROOT; };
		DC609F9A19F2C1C700FF96BD /* SystemConfiguration.framework */ = {isa = PBXFileReference; lastKnownFileType = wrapper.framework; name = SystemConfiguration.framework; path = System/Library/Frameworks/SystemConfiguration.framework; sourceTree = SDKROOT; };
		DC6E813119F2F9E500E084AC /* HomeCustomTBCell.h */ = {isa = PBXFileReference; fileEncoding = 4; lastKnownFileType = sourcecode.c.h; path = HomeCustomTBCell.h; sourceTree = "<group>"; };
		DC6E813219F2F9E500E084AC /* HomeCustomTBCell.m */ = {isa = PBXFileReference; fileEncoding = 4; lastKnownFileType = sourcecode.c.objc; path = HomeCustomTBCell.m; sourceTree = "<group>"; };
		DC6E813419F2FB4300E084AC /* Config.h */ = {isa = PBXFileReference; fileEncoding = 4; lastKnownFileType = sourcecode.c.h; path = Config.h; sourceTree = "<group>"; };
		DC838F2419F29BD10077E010 /* Mumble.app */ = {isa = PBXFileReference; explicitFileType = wrapper.application; includeInIndex = 0; path = Mumble.app; sourceTree = BUILT_PRODUCTS_DIR; };
		DC838F2819F29BD10077E010 /* Info.plist */ = {isa = PBXFileReference; lastKnownFileType = text.plist.xml; path = Info.plist; sourceTree = "<group>"; };
		DC838F2919F29BD10077E010 /* main.m */ = {isa = PBXFileReference; lastKnownFileType = sourcecode.c.objc; path = main.m; sourceTree = "<group>"; };
		DC838F2B19F29BD10077E010 /* AppDelegate.h */ = {isa = PBXFileReference; lastKnownFileType = sourcecode.c.h; path = AppDelegate.h; sourceTree = "<group>"; };
		DC838F2C19F29BD10077E010 /* AppDelegate.m */ = {isa = PBXFileReference; lastKnownFileType = sourcecode.c.objc; path = AppDelegate.m; sourceTree = "<group>"; };
		DC838F3D19F29BD20077E010 /* MumbleTests.xctest */ = {isa = PBXFileReference; explicitFileType = wrapper.cfbundle; includeInIndex = 0; path = MumbleTests.xctest; sourceTree = BUILT_PRODUCTS_DIR; };
		DC838F4219F29BD20077E010 /* Info.plist */ = {isa = PBXFileReference; lastKnownFileType = text.plist.xml; path = Info.plist; sourceTree = "<group>"; };
		DC838F4319F29BD20077E010 /* MumbleTests.m */ = {isa = PBXFileReference; lastKnownFileType = sourcecode.c.objc; path = MumbleTests.m; sourceTree = "<group>"; };
		DCDB4A4319F2E1350088FB7D /* Images.xcassets */ = {isa = PBXFileReference; lastKnownFileType = folder.assetcatalog; name = Images.xcassets; path = ../Images.xcassets; sourceTree = "<group>"; };
/* End PBXFileReference section */

/* Begin PBXFrameworksBuildPhase section */
		DC838F2119F29BD10077E010 /* Frameworks */ = {
			isa = PBXFrameworksBuildPhase;
			buildActionMask = 2147483647;
			files = (
				DC609F9B19F2C1C700FF96BD /* SystemConfiguration.framework in Frameworks */,
				DC609F9919F2C1BF00FF96BD /* StoreKit.framework in Frameworks */,
				DC609F9719F2C1AD00FF96BD /* Social.framework in Frameworks */,
				DC609F9519F2C1A800FF96BD /* Security.framework in Frameworks */,
				DC609F9319F2C19D00FF96BD /* QuartzCore.framework in Frameworks */,
				DC609F9119F2C19100FF96BD /* MobileCoreServices.framework in Frameworks */,
				DC609F8F19F2C18900FF96BD /* libz.dylib in Frameworks */,
				DC609F8D19F2C17F00FF96BD /* CoreLocation.framework in Frameworks */,
				DC609F8B19F2C17600FF96BD /* CoreGraphics.framework in Frameworks */,
				DC609F8919F2C16C00FF96BD /* CFNetwork.framework in Frameworks */,
				DC609F8719F2C16400FF96BD /* AudioToolbox.framework in Frameworks */,
				DC609F8519F2C15B00FF96BD /* Accounts.framework in Frameworks */,
				DC609F8219F2C0C700FF96BD /* Parse.framework in Frameworks */,
				DC609F8119F2C0C700FF96BD /* Bolts.framework in Frameworks */,
				DC609F8319F2C0C700FF96BD /* ParseFacebookUtils.framework in Frameworks */,
			);
			runOnlyForDeploymentPostprocessing = 0;
		};
		DC838F3A19F29BD20077E010 /* Frameworks */ = {
			isa = PBXFrameworksBuildPhase;
			buildActionMask = 2147483647;
			files = (
			);
			runOnlyForDeploymentPostprocessing = 0;
		};
/* End PBXFrameworksBuildPhase section */

/* Begin PBXGroup section */
		DC4B822519F2C7B10095D419 /* Home */ = {
			isa = PBXGroup;
			children = (
				DC4B822619F2C82A0095D419 /* HomeTab.h */,
				DC4B822719F2C82A0095D419 /* HomeTab.m */,
				DC6E813119F2F9E500E084AC /* HomeCustomTBCell.h */,
				DC6E813219F2F9E500E084AC /* HomeCustomTBCell.m */,
			);
			name = Home;
			sourceTree = "<group>";
		};
		DC578C4419F30D05003747AB /* Mumbles */ = {
			isa = PBXGroup;
			children = (
				DC578C4519F30E20003747AB /* Mumble.h */,
				DC578C4619F30E20003747AB /* Mumble.m */,
			);
			name = Mumbles;
			sourceTree = "<group>";
		};
		DC609F7D19F2C0C700FF96BD /* Parse */ = {
			isa = PBXGroup;
			children = (
				DC609F7E19F2C0C700FF96BD /* Bolts.framework */,
				DC609F7F19F2C0C700FF96BD /* Parse.framework */,
				DC609F8019F2C0C700FF96BD /* ParseFacebookUtils.framework */,
			);
			path = Parse;
			sourceTree = "<group>";
		};
		DC838F1B19F29BD10077E010 = {
			isa = PBXGroup;
			children = (
				DC838F2619F29BD10077E010 /* Mumble */,
				DC838F4019F29BD20077E010 /* MumbleTests */,
				DC838F2519F29BD10077E010 /* Products */,
			);
			sourceTree = "<group>";
		};
		DC838F2519F29BD10077E010 /* Products */ = {
			isa = PBXGroup;
			children = (
				DC838F2419F29BD10077E010 /* Mumble.app */,
				DC838F3D19F29BD20077E010 /* MumbleTests.xctest */,
			);
			name = Products;
			sourceTree = "<group>";
		};
		DC838F2619F29BD10077E010 /* Mumble */ = {
			isa = PBXGroup;
			children = (
				DC6E813419F2FB4300E084AC /* Config.h */,
				DC838F4D19F2A23D0077E010 /* App Delegate */,
				DC4B822519F2C7B10095D419 /* Home */,
				DC578C4419F30D05003747AB /* Mumbles */,
				DCDB4A4319F2E1350088FB7D /* Images.xcassets */,
				DC838F2719F29BD10077E010 /* Supporting Files */,
			);
			path = Mumble;
			sourceTree = "<group>";
		};
		DC838F2719F29BD10077E010 /* Supporting Files */ = {
			isa = PBXGroup;
			children = (
				DC609F9A19F2C1C700FF96BD /* SystemConfiguration.framework */,
				DC609F9819F2C1BF00FF96BD /* StoreKit.framework */,
				DC609F9619F2C1AD00FF96BD /* Social.framework */,
				DC609F9419F2C1A800FF96BD /* Security.framework */,
				DC609F9219F2C19D00FF96BD /* QuartzCore.framework */,
				DC609F9019F2C19100FF96BD /* MobileCoreServices.framework */,
				DC609F8E19F2C18900FF96BD /* libz.dylib */,
				DC609F8C19F2C17F00FF96BD /* CoreLocation.framework */,
				DC609F8A19F2C17600FF96BD /* CoreGraphics.framework */,
				DC609F8819F2C16C00FF96BD /* CFNetwork.framework */,
				DC609F8619F2C16400FF96BD /* AudioToolbox.framework */,
				DC609F8419F2C15B00FF96BD /* Accounts.framework */,
				DC609F7D19F2C0C700FF96BD /* Parse */,
				DC838F2819F29BD10077E010 /* Info.plist */,
				DC838F2919F29BD10077E010 /* main.m */,
			);
			name = "Supporting Files";
			sourceTree = "<group>";
		};
		DC838F4019F29BD20077E010 /* MumbleTests */ = {
			isa = PBXGroup;
			children = (
				DC838F4319F29BD20077E010 /* MumbleTests.m */,
				DC838F4119F29BD20077E010 /* Supporting Files */,
			);
			path = MumbleTests;
			sourceTree = "<group>";
		};
		DC838F4119F29BD20077E010 /* Supporting Files */ = {
			isa = PBXGroup;
			children = (
				DC838F4219F29BD20077E010 /* Info.plist */,
			);
			name = "Supporting Files";
			sourceTree = "<group>";
		};
		DC838F4D19F2A23D0077E010 /* App Delegate */ = {
			isa = PBXGroup;
			children = (
				DC838F2B19F29BD10077E010 /* AppDelegate.h */,
				DC838F2C19F29BD10077E010 /* AppDelegate.m */,
			);
			name = "App Delegate";
			sourceTree = "<group>";
		};
/* End PBXGroup section */

/* Begin PBXNativeTarget section */
		DC838F2319F29BD10077E010 /* Mumble */ = {
			isa = PBXNativeTarget;
			buildConfigurationList = DC838F4719F29BD20077E010 /* Build configuration list for PBXNativeTarget "Mumble" */;
			buildPhases = (
				DC838F2019F29BD10077E010 /* Sources */,
				DC838F2119F29BD10077E010 /* Frameworks */,
				DC838F2219F29BD10077E010 /* Resources */,
			);
			buildRules = (
			);
			dependencies = (
			);
			name = Mumble;
			productName = Mumble;
			productReference = DC838F2419F29BD10077E010 /* Mumble.app */;
			productType = "com.apple.product-type.application";
		};
		DC838F3C19F29BD20077E010 /* MumbleTests */ = {
			isa = PBXNativeTarget;
			buildConfigurationList = DC838F4A19F29BD20077E010 /* Build configuration list for PBXNativeTarget "MumbleTests" */;
			buildPhases = (
				DC838F3919F29BD20077E010 /* Sources */,
				DC838F3A19F29BD20077E010 /* Frameworks */,
				DC838F3B19F29BD20077E010 /* Resources */,
			);
			buildRules = (
			);
			dependencies = (
				DC838F3F19F29BD20077E010 /* PBXTargetDependency */,
			);
			name = MumbleTests;
			productName = MumbleTests;
			productReference = DC838F3D19F29BD20077E010 /* MumbleTests.xctest */;
			productType = "com.apple.product-type.bundle.unit-test";
		};
/* End PBXNativeTarget section */

/* Begin PBXProject section */
		DC838F1C19F29BD10077E010 /* Project object */ = {
			isa = PBXProject;
			attributes = {
				LastUpgradeCheck = 0600;
				ORGANIZATIONNAME = "Stephen Sowole";
				TargetAttributes = {
					DC838F2319F29BD10077E010 = {
						CreatedOnToolsVersion = 6.0;
						DevelopmentTeam = 49MJRZBUY4;
					};
					DC838F3C19F29BD20077E010 = {
						CreatedOnToolsVersion = 6.0;
						TestTargetID = DC838F2319F29BD10077E010;
					};
				};
			};
			buildConfigurationList = DC838F1F19F29BD10077E010 /* Build configuration list for PBXProject "Mumble" */;
			compatibilityVersion = "Xcode 3.2";
			developmentRegion = English;
			hasScannedForEncodings = 0;
			knownRegions = (
				en,
				Base,
			);
			mainGroup = DC838F1B19F29BD10077E010;
			productRefGroup = DC838F2519F29BD10077E010 /* Products */;
			projectDirPath = "";
			projectRoot = "";
			targets = (
				DC838F2319F29BD10077E010 /* Mumble */,
				DC838F3C19F29BD20077E010 /* MumbleTests */,
			);
		};
/* End PBXProject section */

/* Begin PBXResourcesBuildPhase section */
		DC838F2219F29BD10077E010 /* Resources */ = {
			isa = PBXResourcesBuildPhase;
			buildActionMask = 2147483647;
			files = (
				DCDB4A4419F2E1350088FB7D /* Images.xcassets in Resources */,
			);
			runOnlyForDeploymentPostprocessing = 0;
		};
		DC838F3B19F29BD20077E010 /* Resources */ = {
			isa = PBXResourcesBuildPhase;
			buildActionMask = 2147483647;
			files = (
			);
			runOnlyForDeploymentPostprocessing = 0;
		};
/* End PBXResourcesBuildPhase section */

/* Begin PBXSourcesBuildPhase section */
		DC838F2019F29BD10077E010 /* Sources */ = {
			isa = PBXSourcesBuildPhase;
			buildActionMask = 2147483647;
			files = (
				DC838F2D19F29BD10077E010 /* AppDelegate.m in Sources */,
				DC838F2A19F29BD10077E010 /* main.m in Sources */,
				DC578C4719F30E20003747AB /* Mumble.m in Sources */,
				DC4B822819F2C82A0095D419 /* HomeTab.m in Sources */,
				DC6E813319F2F9E500E084AC /* HomeCustomTBCell.m in Sources */,
			);
			runOnlyForDeploymentPostprocessing = 0;
		};
		DC838F3919F29BD20077E010 /* Sources */ = {
			isa = PBXSourcesBuildPhase;
			buildActionMask = 2147483647;
			files = (
				DC838F4419F29BD20077E010 /* MumbleTests.m in Sources */,
			);
			runOnlyForDeploymentPostprocessing = 0;
		};
/* End PBXSourcesBuildPhase section */

/* Begin PBXTargetDependency section */
		DC838F3F19F29BD20077E010 /* PBXTargetDependency */ = {
			isa = PBXTargetDependency;
			target = DC838F2319F29BD10077E010 /* Mumble */;
			targetProxy = DC838F3E19F29BD20077E010 /* PBXContainerItemProxy */;
		};
/* End PBXTargetDependency section */

/* Begin XCBuildConfiguration section */
		DC838F4519F29BD20077E010 /* Debug */ = {
			isa = XCBuildConfiguration;
			buildSettings = {
				ALWAYS_SEARCH_USER_PATHS = NO;
				CLANG_CXX_LANGUAGE_STANDARD = "gnu++0x";
				CLANG_CXX_LIBRARY = "libc++";
				CLANG_ENABLE_MODULES = YES;
				CLANG_ENABLE_OBJC_ARC = YES;
				CLANG_WARN_BOOL_CONVERSION = YES;
				CLANG_WARN_CONSTANT_CONVERSION = YES;
				CLANG_WARN_DIRECT_OBJC_ISA_USAGE = YES_ERROR;
				CLANG_WARN_EMPTY_BODY = YES;
				CLANG_WARN_ENUM_CONVERSION = YES;
				CLANG_WARN_INT_CONVERSION = YES;
				CLANG_WARN_OBJC_ROOT_CLASS = YES_ERROR;
				CLANG_WARN_UNREACHABLE_CODE = YES;
				CLANG_WARN__DUPLICATE_METHOD_MATCH = YES;
				"CODE_SIGN_IDENTITY[sdk=iphoneos*]" = "iPhone Developer";
				COPY_PHASE_STRIP = NO;
				ENABLE_STRICT_OBJC_MSGSEND = YES;
				GCC_C_LANGUAGE_STANDARD = gnu99;
				GCC_DYNAMIC_NO_PIC = NO;
				GCC_OPTIMIZATION_LEVEL = 0;
				GCC_PREPROCESSOR_DEFINITIONS = (
					"DEBUG=1",
					"$(inherited)",
				);
				GCC_SYMBOLS_PRIVATE_EXTERN = NO;
				GCC_WARN_64_TO_32_BIT_CONVERSION = YES;
				GCC_WARN_ABOUT_RETURN_TYPE = YES_ERROR;
				GCC_WARN_UNDECLARED_SELECTOR = YES;
				GCC_WARN_UNINITIALIZED_AUTOS = YES_AGGRESSIVE;
				GCC_WARN_UNUSED_FUNCTION = YES;
				GCC_WARN_UNUSED_VARIABLE = YES;
				IPHONEOS_DEPLOYMENT_TARGET = 7.0;
				MTL_ENABLE_DEBUG_INFO = YES;
				ONLY_ACTIVE_ARCH = YES;
				SDKROOT = iphoneos;
			};
			name = Debug;
		};
		DC838F4619F29BD20077E010 /* Release */ = {
			isa = XCBuildConfiguration;
			buildSettings = {
				ALWAYS_SEARCH_USER_PATHS = NO;
				CLANG_CXX_LANGUAGE_STANDARD = "gnu++0x";
				CLANG_CXX_LIBRARY = "libc++";
				CLANG_ENABLE_MODULES = YES;
				CLANG_ENABLE_OBJC_ARC = YES;
				CLANG_WARN_BOOL_CONVERSION = YES;
				CLANG_WARN_CONSTANT_CONVERSION = YES;
				CLANG_WARN_DIRECT_OBJC_ISA_USAGE = YES_ERROR;
				CLANG_WARN_EMPTY_BODY = YES;
				CLANG_WARN_ENUM_CONVERSION = YES;
				CLANG_WARN_INT_CONVERSION = YES;
				CLANG_WARN_OBJC_ROOT_CLASS = YES_ERROR;
				CLANG_WARN_UNREACHABLE_CODE = YES;
				CLANG_WARN__DUPLICATE_METHOD_MATCH = YES;
				"CODE_SIGN_IDENTITY[sdk=iphoneos*]" = "iPhone Developer";
				COPY_PHASE_STRIP = YES;
				ENABLE_NS_ASSERTIONS = NO;
				ENABLE_STRICT_OBJC_MSGSEND = YES;
				GCC_C_LANGUAGE_STANDARD = gnu99;
				GCC_WARN_64_TO_32_BIT_CONVERSION = YES;
				GCC_WARN_ABOUT_RETURN_TYPE = YES_ERROR;
				GCC_WARN_UNDECLARED_SELECTOR = YES;
				GCC_WARN_UNINITIALIZED_AUTOS = YES_AGGRESSIVE;
				GCC_WARN_UNUSED_FUNCTION = YES;
				GCC_WARN_UNUSED_VARIABLE = YES;
				IPHONEOS_DEPLOYMENT_TARGET = 7.0;
				MTL_ENABLE_DEBUG_INFO = NO;
				SDKROOT = iphoneos;
				VALIDATE_PRODUCT = YES;
			};
			name = Release;
		};
		DC838F4819F29BD20077E010 /* Debug */ = {
			isa = XCBuildConfiguration;
			buildSettings = {
				ASSETCATALOG_COMPILER_APPICON_NAME = AppIcon;
				ASSETCATALOG_COMPILER_LAUNCHIMAGE_NAME = LaunchImage;
				CODE_SIGN_IDENTITY = "iPhone Developer";
				"CODE_SIGN_IDENTITY[sdk=iphoneos*]" = "iPhone Developer";
				FRAMEWORK_SEARCH_PATHS = (
					"$(inherited)",
					"$(PROJECT_DIR)/Mumble/Parse",
				);
				INFOPLIST_FILE = Mumble/Info.plist;
				IPHONEOS_DEPLOYMENT_TARGET = 7.0;
				LD_RUNPATH_SEARCH_PATHS = "$(inherited) @executable_path/Frameworks";
				PRODUCT_NAME = "$(TARGET_NAME)";
				PROVISIONING_PROFILE = "";
				TARGETED_DEVICE_FAMILY = 1;
			};
			name = Debug;
		};
		DC838F4919F29BD20077E010 /* Release */ = {
			isa = XCBuildConfiguration;
			buildSettings = {
				ASSETCATALOG_COMPILER_APPICON_NAME = AppIcon;
				ASSETCATALOG_COMPILER_LAUNCHIMAGE_NAME = LaunchImage;
				CODE_SIGN_IDENTITY = "iPhone Developer";
				"CODE_SIGN_IDENTITY[sdk=iphoneos*]" = "iPhone Developer";
				FRAMEWORK_SEARCH_PATHS = (
					"$(inherited)",
					"$(PROJECT_DIR)/Mumble/Parse",
				);
				INFOPLIST_FILE = Mumble/Info.plist;
				IPHONEOS_DEPLOYMENT_TARGET = 7.0;
				LD_RUNPATH_SEARCH_PATHS = "$(inherited) @executable_path/Frameworks";
				PRODUCT_NAME = "$(TARGET_NAME)";
				PROVISIONING_PROFILE = "";
				TARGETED_DEVICE_FAMILY = 1;
			};
			name = Release;
		};
		DC838F4B19F29BD20077E010 /* Debug */ = {
			isa = XCBuildConfiguration;
			buildSettings = {
				BUNDLE_LOADER = "$(TEST_HOST)";
				FRAMEWORK_SEARCH_PATHS = (
					"$(SDKROOT)/Developer/Library/Frameworks",
					"$(inherited)",
					"$(PROJECT_DIR)/MumbleTests/Parse",
				);
				GCC_PREPROCESSOR_DEFINITIONS = (
					"DEBUG=1",
					"$(inherited)",
				);
				INFOPLIST_FILE = MumbleTests/Info.plist;
				LD_RUNPATH_SEARCH_PATHS = "$(inherited) @executable_path/Frameworks @loader_path/Frameworks";
				PRODUCT_NAME = "$(TARGET_NAME)";
				TEST_HOST = "$(BUILT_PRODUCTS_DIR)/Mumble.app/Mumble";
			};
			name = Debug;
		};
		DC838F4C19F29BD20077E010 /* Release */ = {
			isa = XCBuildConfiguration;
			buildSettings = {
				BUNDLE_LOADER = "$(TEST_HOST)";
				FRAMEWORK_SEARCH_PATHS = (
					"$(SDKROOT)/Developer/Library/Frameworks",
					"$(inherited)",
					"$(PROJECT_DIR)/MumbleTests/Parse",
				);
				INFOPLIST_FILE = MumbleTests/Info.plist;
				LD_RUNPATH_SEARCH_PATHS = "$(inherited) @executable_path/Frameworks @loader_path/Frameworks";
				PRODUCT_NAME = "$(TARGET_NAME)";
				TEST_HOST = "$(BUILT_PRODUCTS_DIR)/Mumble.app/Mumble";
			};
			name = Release;
		};
/* End XCBuildConfiguration section */

/* Begin XCConfigurationList section */
		DC838F1F19F29BD10077E010 /* Build configuration list for PBXProject "Mumble" */ = {
			isa = XCConfigurationList;
			buildConfigurations = (
				DC838F4519F29BD20077E010 /* Debug */,
				DC838F4619F29BD20077E010 /* Release */,
			);
			defaultConfigurationIsVisible = 0;
			defaultConfigurationName = Release;
		};
		DC838F4719F29BD20077E010 /* Build configuration list for PBXNativeTarget "Mumble" */ = {
			isa = XCConfigurationList;
			buildConfigurations = (
				DC838F4819F29BD20077E010 /* Debug */,
				DC838F4919F29BD20077E010 /* Release */,
			);
			defaultConfigurationIsVisible = 0;
			defaultConfigurationName = Release;
		};
		DC838F4A19F29BD20077E010 /* Build configuration list for PBXNativeTarget "MumbleTests" */ = {
			isa = XCConfigurationList;
			buildConfigurations = (
				DC838F4B19F29BD20077E010 /* Debug */,
				DC838F4C19F29BD20077E010 /* Release */,
			);
			defaultConfigurationIsVisible = 0;
			defaultConfigurationName = Release;
		};
/* End XCConfigurationList section */
	};
	rootObject = DC838F1C19F29BD10077E010 /* Project object */;
}
